github.com/Cloud-Foundations/Dominator v0.0.0-20200412162041-d8f7d123ad7d h1:FubLD1UMxl+ofIYB8MoNUQQfG/HTquTc6nmQF+91FgA=
github.com/Cloud-Foundations/Dominator v0.0.0-20200412162041-d8f7d123ad7d/go.mod h1:VhR1+wVJdox8BkA6OJWg4T2W41+WiEobprffKKK2Qsw=
github.com/SermoDigital/helpers v0.0.0-20170320233626-8de2321850d4 h1:OpbP8L+4lEWTkcjZDRasEOF7KA9yzjvkISeDz+M1JCI=
github.com/SermoDigital/helpers v0.0.0-20170320233626-8de2321850d4/go.mod h1:j8FxiosMdhJpDCvfE1Z67AgWg9jc4FR1184ldQ+Us9E=
github.com/dgryski/go-pcgr v0.0.0-20190219145045-9a7ede0ca611 h1:ZmWYkcFCJGYQKmGRcPEY/6QsA/1ea5RACx9B2fbbE9c=
github.com/dgryski/go-pcgr v0.0.0-20190219145045-9a7ede0ca611/go.mod h1:ztV/u9hqJRBCT0P03v0Ueol7unBefCKL+paOoIZkR88=
github.com/dgryski/go-xoroshiro v0.0.0-20160810083857-ea5ca0291510 h1:xpk9y5jIFQFaHRpzbdo9e6H1jWaHvB7rfbzfNH3Q6dE=
github.com/dgryski/go-xoroshiro v0.0.0-20160810083857-ea5ca0291510/go.mod h1:1nArOX1ahGQWpRvbQiQDpMTp8cw1PyK+PyjUCbX3re4=
github.com/guillermo/go.procmeminfo v0.0.0-20131127224636-be4355a9fb0e h1:/6/OurM62Ddm8CR8PveE0a+ql2mL+ycAhOwd563kpdg=
github.com/guillermo/go.procmeminfo v0.0.0-20131127224636-be4355a9fb0e/go.mod h1:TQrLAmkOSnZ4g1eFORtCfTEbFuVZD0Zm55vdnrilBaw=
github.com/mackerelio/go-osstat v0.1.0 h1:e57QHeHob8kKJ5FhcXGdzx5O6Ktuc5RHMDIkeqhgkFA=
github.com/mackerelio/go-osstat v0.1.0/go.mod h1:1K3NeYLhMHPvzUu+ePYXtoB58wkaRpxZsGClZBJyIFw=
github.com/mohae/joefriday v0.0.0-20170926205446-2d83fc975dd8 h1:MILeGfbowe+I3J2JBrj00dKIJted75Cr+hkPXwuajVY=
github.com/mohae/joefriday v0.0.0-20170926205446-2d83fc975dd8/go.mod h1:l4omcEDS/+nariqcTsg5f9ye48TWTCumMvdBLrzuHCk=
github.com/mohae/randchars v0.0.0-20170727203217-89ffe2e7dfda h1:XfGM7GvMmUGlY3+PdaIZ2KCqE92keIVvWJVPCdGerMY=
github.com/mohae/randchars v0.0.0-20170727203217-89ffe2e7dfda/go.mod h1:TGdyxegKRezLvxaMVHMl6+bZty4XEW3nEahSQ212qI0=
golang.org/x/sys v0.0.0-20190410235845-0ad05ae3009d h1:+9jagSGtlJZAaZGdRvJikXNpc5lh2/rq9eyMN/5kmwA=
golang.org/x/sys v0.0.0-20190410235845-0ad05ae3009d/go.mod h1:h1NjWce9XRLGQEsW7wpKNCjG9DtNlClVuFLEZdDNbEs=
golang.org/x/sys v0.0.0-20200615200032-f1bc736245b1 h1:ogLJMz+qpzav7lGMh10LMvAkM/fAoGlaiiHYiFYdm80=
golang.org/x/sys v0.0.0-20200615200032-f1bc736245b1/go.mod h1:h1NjWce9XRLGQEsW7wpKNCjG9DtNlClVuFLEZdDNbEs=
