github.com/keftcha/meminfo v0.0.0-20200628222314-6e4e5df3778e h1:1ONkUJprIKNC6vo2MqDIONHsVq3t9cKZOnhfrCXk/hc=
github.com/keftcha/meminfo v0.0.0-20200628222314-6e4e5df3778e/go.mod h1:R3vKljwADvg7SPb6OBCzz8egLXp9VWhFaUxJ4sO4jyU=
golang.org/x/sys v0.0.0-20200615200032-f1bc736245b1 h1:ogLJMz+qpzav7lGMh10LMvAkM/fAoGlaiiHYiFYdm80=
golang.org/x/sys v0.0.0-20200615200032-f1bc736245b1/go.mod h1:h1NjWce9XRLGQEsW7wpKNCjG9DtNlClVuFLEZdDNbEs=
